
Microsoft Visual Studio Solution File, Format Version 12.00
# Visual Studio Version 16
VisualStudioVersion = 16.0.32602.291
MinimumVisualStudioVersion = 10.0.40219.1
Project("{FAE04EC0-301F-11D3-BF4B-00C04F79EFBC}") = "Backendproject", "Backendproject\Backendproject.csproj", "{11C7737E-B6D8-4583-8042-2A0D5830E624}"
EndProject
Global
	GlobalSection(SolutionConfigurationPlatforms) = preSolution
		Debug|Any CPU = Debug|Any CPU
		Release|Any CPU = Release|Any CPU
	EndGlobalSection
	GlobalSection(ProjectConfigurationPlatforms) = postSolution
		{11C7737E-B6D8-4583-8042-2A0D5830E624}.Debug|Any CPU.ActiveCfg = Debug|Any CPU
		{11C7737E-B6D8-4583-8042-2A0D5830E624}.Debug|Any CPU.Build.0 = Debug|Any CPU
		{11C7737E-B6D8-4583-8042-2A0D5830E624}.Release|Any CPU.ActiveCfg = Release|Any CPU
		{11C7737E-B6D8-4583-8042-2A0D5830E624}.Release|Any CPU.Build.0 = Release|Any CPU
	EndGlobalSection
	GlobalSection(SolutionProperties) = preSolution
		HideSolutionNode = FALSE
	EndGlobalSection
	GlobalSection(ExtensibilityGlobals) = postSolution
		SolutionGuid = {29FC1947-B84F-4AD6-AE71-5130FB0A5F1E}
	EndGlobalSection
EndGlobal
